
Microsoft Visual Studio Solution File, Format Version 12.00
# Visual Studio 15
Project("{FAE04EC0-301F-11D3-BF4B-00C04F79EFBC}") = "Enpass2HandySafe", "Enpass2HandySafe\Enpass2HandySafe.csproj", "{6E656542-A8CC-4129-AD24-F149EF128815}"
EndProject
Global
	GlobalSection(SolutionConfigurationPlatforms) = preSolution
		Debug|Any CPU = Debug|Any CPU
		Release|Any CPU = Release|Any CPU
	EndGlobalSection
	GlobalSection(ProjectConfigurationPlatforms) = postSolution
		{6E656542-A8CC-4129-AD24-F149EF128815}.Debug|Any CPU.ActiveCfg = Debug|Any CPU
		{6E656542-A8CC-4129-AD24-F149EF128815}.Debug|Any CPU.Build.0 = Debug|Any CPU
		{6E656542-A8CC-4129-AD24-F149EF128815}.Release|Any CPU.ActiveCfg = Release|Any CPU
		{6E656542-A8CC-4129-AD24-F149EF128815}.Release|Any CPU.Build.0 = Release|Any CPU
	EndGlobalSection
EndGlobal
